
Microsoft Visual Studio Solution File, Format Version 12.00
# Visual Studio Version 16
VisualStudioVersion = 16.0.29424.173
MinimumVisualStudioVersion = 10.0.40219.1
Project("{FAE04EC0-301F-11D3-BF4B-00C04F79EFBC}") = "d20 dice", "d20 dice\d20 dice.csproj", "{C71D9EA7-0FA6-49E8-88BC-9B9852361B9D}"
EndProject
Global
	GlobalSection(SolutionConfigurationPlatforms) = preSolution
		Debug|Any CPU = Debug|Any CPU
		Release|Any CPU = Release|Any CPU
	EndGlobalSection
	GlobalSection(ProjectConfigurationPlatforms) = postSolution
		{C71D9EA7-0FA6-49E8-88BC-9B9852361B9D}.Debug|Any CPU.ActiveCfg = Debug|Any CPU
		{C71D9EA7-0FA6-49E8-88BC-9B9852361B9D}.Debug|Any CPU.Build.0 = Debug|Any CPU
		{C71D9EA7-0FA6-49E8-88BC-9B9852361B9D}.Release|Any CPU.ActiveCfg = Release|Any CPU
		{C71D9EA7-0FA6-49E8-88BC-9B9852361B9D}.Release|Any CPU.Build.0 = Release|Any CPU
	EndGlobalSection
	GlobalSection(SolutionProperties) = preSolution
		HideSolutionNode = FALSE
	EndGlobalSection
	GlobalSection(ExtensibilityGlobals) = postSolution
		SolutionGuid = {A94572D9-D88F-421E-80C6-A8E5F6A23027}
	EndGlobalSection
EndGlobal
